// !$*UTF8*$!
{
	archiveVersion = 1;
	classes = {
	};
	objectVersion = 46;
	objects = {

/* Begin PBXBuildFile section */
		E4D1EC641BEB9E7400EFDA92 /* CozyLoadingActivity.swift in Sources */ = {isa = PBXBuildFile; fileRef = E4D1EC631BEB9E7400EFDA92 /* CozyLoadingActivity.swift */; settings = {ASSET_TAGS = (); }; };
		E4F316161BEC1F3000A449F4 /* France.png in Resources */ = {isa = PBXBuildFile; fileRef = E4F3160E1BEC1F3000A449F4 /* France.png */; settings = {ASSET_TAGS = (); }; };
		E4F316171BEC1F3000A449F4 /* French.jpg in Resources */ = {isa = PBXBuildFile; fileRef = E4F3160F1BEC1F3000A449F4 /* French.jpg */; settings = {ASSET_TAGS = (); }; };
		E4F316181BEC1F3000A449F4 /* India.png in Resources */ = {isa = PBXBuildFile; fileRef = E4F316101BEC1F3000A449F4 /* India.png */; settings = {ASSET_TAGS = (); }; };
		E4F316191BEC1F3000A449F4 /* indian.jpg in Resources */ = {isa = PBXBuildFile; fileRef = E4F316111BEC1F3000A449F4 /* indian.jpg */; settings = {ASSET_TAGS = (); }; };
		E4F3161A1BEC1F3000A449F4 /* Ireland.png in Resources */ = {isa = PBXBuildFile; fileRef = E4F316121BEC1F3000A449F4 /* Ireland.png */; settings = {ASSET_TAGS = (); }; };
		E4F3161B1BEC1F3000A449F4 /* irish.jpg in Resources */ = {isa = PBXBuildFile; fileRef = E4F316131BEC1F3000A449F4 /* irish.jpg */; settings = {ASSET_TAGS = (); }; };
		E4F3161C1BEC1F3000A449F4 /* Turkey.png in Resources */ = {isa = PBXBuildFile; fileRef = E4F316141BEC1F3000A449F4 /* Turkey.png */; settings = {ASSET_TAGS = (); }; };
		E4F3161D1BEC1F3000A449F4 /* turkish.png in Resources */ = {isa = PBXBuildFile; fileRef = E4F316151BEC1F3000A449F4 /* turkish.png */; settings = {ASSET_TAGS = (); }; };
		E4F316211BEC228400A449F4 /* world.png in Resources */ = {isa = PBXBuildFile; fileRef = E4F316201BEC228400A449F4 /* world.png */; settings = {ASSET_TAGS = (); }; };
		E4F316231BEC264E00A449F4 /* AppIcon.appiconset in Resources */ = {isa = PBXBuildFile; fileRef = E4F316221BEC264E00A449F4 /* AppIcon.appiconset */; settings = {ASSET_TAGS = (); }; };
		FFD2F9B71BD1101A00F54057 /* AppDelegate.swift in Sources */ = {isa = PBXBuildFile; fileRef = FFD2F9B61BD1101A00F54057 /* AppDelegate.swift */; };
		FFD2F9B91BD1101A00F54057 /* ViewController.swift in Sources */ = {isa = PBXBuildFile; fileRef = FFD2F9B81BD1101A00F54057 /* ViewController.swift */; };
		FFD2F9BC1BD1101A00F54057 /* Main.storyboard in Resources */ = {isa = PBXBuildFile; fileRef = FFD2F9BA1BD1101A00F54057 /* Main.storyboard */; };
		FFD2F9BE1BD1101A00F54057 /* Assets.xcassets in Resources */ = {isa = PBXBuildFile; fileRef = FFD2F9BD1BD1101A00F54057 /* Assets.xcassets */; };
		FFD2F9C11BD1101A00F54057 /* LaunchScreen.storyboard in Resources */ = {isa = PBXBuildFile; fileRef = FFD2F9BF1BD1101A00F54057 /* LaunchScreen.storyboard */; };
/* End PBXBuildFile section */

/* Begin PBXFileReference section */
		E4D1EC631BEB9E7400EFDA92 /* CozyLoadingActivity.swift */ = {isa = PBXFileReference; fileEncoding = 4; lastKnownFileType = sourcecode.swift; name = CozyLoadingActivity.swift; path = "../../../Downloads/CozyLoadingActivity-master/CozyLoadingActivity.swift"; sourceTree = "<group>"; };
		E4F3160E1BEC1F3000A449F4 /* France.png */ = {isa = PBXFileReference; lastKnownFileType = image.png; name = France.png; path = Assets.xcassets/AppIcon.appiconset/France.png; sourceTree = "<group>"; };
		E4F3160F1BEC1F3000A449F4 /* French.jpg */ = {isa = PBXFileReference; lastKnownFileType = image.jpeg; name = French.jpg; path = Assets.xcassets/AppIcon.appiconset/French.jpg; sourceTree = "<group>"; };
		E4F316101BEC1F3000A449F4 /* India.png */ = {isa = PBXFileReference; lastKnownFileType = image.png; name = India.png; path = Assets.xcassets/AppIcon.appiconset/India.png; sourceTree = "<group>"; };
		E4F316111BEC1F3000A449F4 /* indian.jpg */ = {isa = PBXFileReference; lastKnownFileType = image.jpeg; name = indian.jpg; path = Assets.xcassets/AppIcon.appiconset/indian.jpg; sourceTree = "<group>"; };
		E4F316121BEC1F3000A449F4 /* Ireland.png */ = {isa = PBXFileReference; lastKnownFileType = image.png; name = Ireland.png; path = Assets.xcassets/AppIcon.appiconset/Ireland.png; sourceTree = "<group>"; };
		E4F316131BEC1F3000A449F4 /* irish.jpg */ = {isa = PBXFileReference; lastKnownFileType = image.jpeg; name = irish.jpg; path = Assets.xcassets/AppIcon.appiconset/irish.jpg; sourceTree = "<group>"; };
		E4F316141BEC1F3000A449F4 /* Turkey.png */ = {isa = PBXFileReference; lastKnownFileType = image.png; name = Turkey.png; path = Assets.xcassets/AppIcon.appiconset/Turkey.png; sourceTree = "<group>"; };
		E4F316151BEC1F3000A449F4 /* turkish.png */ = {isa = PBXFileReference; lastKnownFileType = image.png; name = turkish.png; path = Assets.xcassets/AppIcon.appiconset/turkish.png; sourceTree = "<group>"; };
		E4F316201BEC228400A449F4 /* world.png */ = {isa = PBXFileReference; lastKnownFileType = image.png; name = world.png; path = Assets.xcassets/AppIcon.appiconset/world.png; sourceTree = "<group>"; };
		E4F316221BEC264E00A449F4 /* AppIcon.appiconset */ = {isa = PBXFileReference; lastKnownFileType = folder; name = AppIcon.appiconset; path = Assets.xcassets/AppIcon.appiconset; sourceTree = "<group>"; };
		FFD2F9B31BD1101A00F54057 /* Translate.app */ = {isa = PBXFileReference; explicitFileType = wrapper.application; includeInIndex = 0; path = Translate.app; sourceTree = BUILT_PRODUCTS_DIR; };
		FFD2F9B61BD1101A00F54057 /* AppDelegate.swift */ = {isa = PBXFileReference; lastKnownFileType = sourcecode.swift; path = AppDelegate.swift; sourceTree = "<group>"; };
		FFD2F9B81BD1101A00F54057 /* ViewController.swift */ = {isa = PBXFileReference; lastKnownFileType = sourcecode.swift; path = ViewController.swift; sourceTree = "<group>"; };
		FFD2F9BB1BD1101A00F54057 /* Base */ = {isa = PBXFileReference; lastKnownFileType = file.storyboard; name = Base; path = Base.lproj/Main.storyboard; sourceTree = "<group>"; };
		FFD2F9BD1BD1101A00F54057 /* Assets.xcassets */ = {isa = PBXFileReference; lastKnownFileType = folder.assetcatalog; path = Assets.xcassets; sourceTree = "<group>"; };
		FFD2F9C01BD1101A00F54057 /* Base */ = {isa = PBXFileReference; lastKnownFileType = file.storyboard; name = Base; path = Base.lproj/LaunchScreen.storyboard; sourceTree = "<group>"; };
		FFD2F9C21BD1101A00F54057 /* Info.plist */ = {isa = PBXFileReference; lastKnownFileType = text.plist.xml; path = Info.plist; sourceTree = "<group>"; };
/* End PBXFileReference section */

/* Begin PBXFrameworksBuildPhase section */
		FFD2F9B01BD1101A00F54057 /* Frameworks */ = {
			isa = PBXFrameworksBuildPhase;
			buildActionMask = 2147483647;
			files = (
			);
			runOnlyForDeploymentPostprocessing = 0;
		};
/* End PBXFrameworksBuildPhase section */

/* Begin PBXGroup section */
		FFD2F9AA1BD1101A00F54057 = {
			isa = PBXGroup;
			children = (
				FFD2F9B51BD1101A00F54057 /* Translate */,
				FFD2F9B41BD1101A00F54057 /* Products */,
			);
			sourceTree = "<group>";
		};
		FFD2F9B41BD1101A00F54057 /* Products */ = {
			isa = PBXGroup;
			children = (
				FFD2F9B31BD1101A00F54057 /* Translate.app */,
			);
			name = Products;
			sourceTree = "<group>";
		};
		FFD2F9B51BD1101A00F54057 /* Translate */ = {
			isa = PBXGroup;
			children = (
				E4F3160E1BEC1F3000A449F4 /* France.png */,
				E4F3160F1BEC1F3000A449F4 /* French.jpg */,
				E4F316101BEC1F3000A449F4 /* India.png */,
				E4F316111BEC1F3000A449F4 /* indian.jpg */,
				E4F316151BEC1F3000A449F4 /* turkish.png */,
				E4F316121BEC1F3000A449F4 /* Ireland.png */,
				E4F316131BEC1F3000A449F4 /* irish.jpg */,
				E4F316141BEC1F3000A449F4 /* Turkey.png */,
				E4D1EC631BEB9E7400EFDA92 /* CozyLoadingActivity.swift */,
				FFD2F9B61BD1101A00F54057 /* AppDelegate.swift */,
				FFD2F9B81BD1101A00F54057 /* ViewController.swift */,
				FFD2F9BA1BD1101A00F54057 /* Main.storyboard */,
				FFD2F9BD1BD1101A00F54057 /* Assets.xcassets */,
				E4F316201BEC228400A449F4 /* world.png */,
				E4F316221BEC264E00A449F4 /* AppIcon.appiconset */,
				FFD2F9BF1BD1101A00F54057 /* LaunchScreen.storyboard */,
				FFD2F9C21BD1101A00F54057 /* Info.plist */,
			);
			path = Translate;
			sourceTree = "<group>";
		};
/* End PBXGroup section */

/* Begin PBXNativeTarget section */
		FFD2F9B21BD1101A00F54057 /* Translate */ = {
			isa = PBXNativeTarget;
			buildConfigurationList = FFD2F9C51BD1101A00F54057 /* Build configuration list for PBXNativeTarget "Translate" */;
			buildPhases = (
				FFD2F9AF1BD1101A00F54057 /* Sources */,
				FFD2F9B01BD1101A00F54057 /* Frameworks */,
				FFD2F9B11BD1101A00F54057 /* Resources */,
			);
			buildRules = (
			);
			dependencies = (
			);
			name = Translate;
			productName = Translate;
			productReference = FFD2F9B31BD1101A00F54057 /* Translate.app */;
			productType = "com.apple.product-type.application";
		};
/* End PBXNativeTarget section */

/* Begin PBXProject section */
		FFD2F9AB1BD1101A00F54057 /* Project object */ = {
			isa = PBXProject;
			attributes = {
				LastUpgradeCheck = 0700;
				ORGANIZATIONNAME = WIT;
				TargetAttributes = {
					FFD2F9B21BD1101A00F54057 = {
						CreatedOnToolsVersion = 7.0;
					};
				};
			};
			buildConfigurationList = FFD2F9AE1BD1101A00F54057 /* Build configuration list for PBXProject "Translate" */;
			compatibilityVersion = "Xcode 3.2";
			developmentRegion = English;
			hasScannedForEncodings = 0;
			knownRegions = (
				en,
				Base,
			);
			mainGroup = FFD2F9AA1BD1101A00F54057;
			productRefGroup = FFD2F9B41BD1101A00F54057 /* Products */;
			projectDirPath = "";
			projectRoot = "";
			targets = (
				FFD2F9B21BD1101A00F54057 /* Translate */,
			);
		};
/* End PBXProject section */

/* Begin PBXResourcesBuildPhase section */
		FFD2F9B11BD1101A00F54057 /* Resources */ = {
			isa = PBXResourcesBuildPhase;
			buildActionMask = 2147483647;
			files = (
				FFD2F9C11BD1101A00F54057 /* LaunchScreen.storyboard in Resources */,
				E4F3161A1BEC1F3000A449F4 /* Ireland.png in Resources */,
				FFD2F9BE1BD1101A00F54057 /* Assets.xcassets in Resources */,
				E4F3161C1BEC1F3000A449F4 /* Turkey.png in Resources */,
				E4F316211BEC228400A449F4 /* world.png in Resources */,
				E4F316181BEC1F3000A449F4 /* India.png in Resources */,
				E4F3161B1BEC1F3000A449F4 /* irish.jpg in Resources */,
				FFD2F9BC1BD1101A00F54057 /* Main.storyboard in Resources */,
				E4F316191BEC1F3000A449F4 /* indian.jpg in Resources */,
				E4F316161BEC1F3000A449F4 /* France.png in Resources */,
				E4F316231BEC264E00A449F4 /* AppIcon.appiconset in Resources */,
				E4F316171BEC1F3000A449F4 /* French.jpg in Resources */,
				E4F3161D1BEC1F3000A449F4 /* turkish.png in Resources */,
			);
			runOnlyForDeploymentPostprocessing = 0;
		};
/* End PBXResourcesBuildPhase section */

/* Begin PBXSourcesBuildPhase section */
		FFD2F9AF1BD1101A00F54057 /* Sources */ = {
			isa = PBXSourcesBuildPhase;
			buildActionMask = 2147483647;
			files = (
				FFD2F9B91BD1101A00F54057 /* ViewController.swift in Sources */,
				E4D1EC641BEB9E7400EFDA92 /* CozyLoadingActivity.swift in Sources */,
				FFD2F9B71BD1101A00F54057 /* AppDelegate.swift in Sources */,
			);
			runOnlyForDeploymentPostprocessing = 0;
		};
/* End PBXSourcesBuildPhase section */

/* Begin PBXVariantGroup section */
		FFD2F9BA1BD1101A00F54057 /* Main.storyboard */ = {
			isa = PBXVariantGroup;
			children = (
				FFD2F9BB1BD1101A00F54057 /* Base */,
			);
			name = Main.storyboard;
			sourceTree = "<group>";
		};
		FFD2F9BF1BD1101A00F54057 /* LaunchScreen.storyboard */ = {
			isa = PBXVariantGroup;
			children = (
				FFD2F9C01BD1101A00F54057 /* Base */,
			);
			name = LaunchScreen.storyboard;
			sourceTree = "<group>";
		};
/* End PBXVariantGroup section */

/* Begin XCBuildConfiguration section */
		FFD2F9C31BD1101A00F54057 /* Debug */ = {
			isa = XCBuildConfiguration;
			buildSettings = {
				ALWAYS_SEARCH_USER_PATHS = NO;
				CLANG_CXX_LANGUAGE_STANDARD = "gnu++0x";
				CLANG_CXX_LIBRARY = "libc++";
				CLANG_ENABLE_MODULES = YES;
				CLANG_ENABLE_OBJC_ARC = YES;
				CLANG_WARN_BOOL_CONVERSION = YES;
				CLANG_WARN_CONSTANT_CONVERSION = YES;
				CLANG_WARN_DIRECT_OBJC_ISA_USAGE = YES_ERROR;
				CLANG_WARN_EMPTY_BODY = YES;
				CLANG_WARN_ENUM_CONVERSION = YES;
				CLANG_WARN_INT_CONVERSION = YES;
				CLANG_WARN_OBJC_ROOT_CLASS = YES_ERROR;
				CLANG_WARN_UNREACHABLE_CODE = YES;
				CLANG_WARN__DUPLICATE_METHOD_MATCH = YES;
				"CODE_SIGN_IDENTITY[sdk=iphoneos*]" = "iPhone Developer";
				COPY_PHASE_STRIP = NO;
				DEBUG_INFORMATION_FORMAT = dwarf;
				ENABLE_STRICT_OBJC_MSGSEND = YES;
				ENABLE_TESTABILITY = YES;
				GCC_C_LANGUAGE_STANDARD = gnu99;
				GCC_DYNAMIC_NO_PIC = NO;
				GCC_NO_COMMON_BLOCKS = YES;
				GCC_OPTIMIZATION_LEVEL = 0;
				GCC_PREPROCESSOR_DEFINITIONS = (
					"DEBUG=1",
					"$(inherited)",
				);
				GCC_WARN_64_TO_32_BIT_CONVERSION = YES;
				GCC_WARN_ABOUT_RETURN_TYPE = YES_ERROR;
				GCC_WARN_UNDECLARED_SELECTOR = YES;
				GCC_WARN_UNINITIALIZED_AUTOS = YES_AGGRESSIVE;
				GCC_WARN_UNUSED_FUNCTION = YES;
				GCC_WARN_UNUSED_VARIABLE = YES;
				IPHONEOS_DEPLOYMENT_TARGET = 9.0;
				MTL_ENABLE_DEBUG_INFO = YES;
				ONLY_ACTIVE_ARCH = YES;
				SDKROOT = iphoneos;
				SWIFT_OPTIMIZATION_LEVEL = "-Onone";
				TARGETED_DEVICE_FAMILY = "1,2";
			};
			name = Debug;
		};
		FFD2F9C41BD1101A00F54057 /* Release */ = {
			isa = XCBuildConfiguration;
			buildSettings = {
				ALWAYS_SEARCH_USER_PATHS = NO;
				CLANG_CXX_LANGUAGE_STANDARD = "gnu++0x";
				CLANG_CXX_LIBRARY = "libc++";
				CLANG_ENABLE_MODULES = YES;
				CLANG_ENABLE_OBJC_ARC = YES;
				CLANG_WARN_BOOL_CONVERSION = YES;
				CLANG_WARN_CONSTANT_CONVERSION = YES;
				CLANG_WARN_DIRECT_OBJC_ISA_USAGE = YES_ERROR;
				CLANG_WARN_EMPTY_BODY = YES;
				CLANG_WARN_ENUM_CONVERSION = YES;
				CLANG_WARN_INT_CONVERSION = YES;
				CLANG_WARN_OBJC_ROOT_CLASS = YES_ERROR;
				CLANG_WARN_UNREACHABLE_CODE = YES;
				CLANG_WARN__DUPLICATE_METHOD_MATCH = YES;
				"CODE_SIGN_IDENTITY[sdk=iphoneos*]" = "iPhone Developer";
				COPY_PHASE_STRIP = NO;
				DEBUG_INFORMATION_FORMAT = "dwarf-with-dsym";
				ENABLE_NS_ASSERTIONS = NO;
				ENABLE_STRICT_OBJC_MSGSEND = YES;
				GCC_C_LANGUAGE_STANDARD = gnu99;
				GCC_NO_COMMON_BLOCKS = YES;
				GCC_WARN_64_TO_32_BIT_CONVERSION = YES;
				GCC_WARN_ABOUT_RETURN_TYPE = YES_ERROR;
				GCC_WARN_UNDECLARED_SELECTOR = YES;
				GCC_WARN_UNINITIALIZED_AUTOS = YES_AGGRESSIVE;
				GCC_WARN_UNUSED_FUNCTION = YES;
				GCC_WARN_UNUSED_VARIABLE = YES;
				IPHONEOS_DEPLOYMENT_TARGET = 9.0;
				MTL_ENABLE_DEBUG_INFO = NO;
				SDKROOT = iphoneos;
				TARGETED_DEVICE_FAMILY = "1,2";
				VALIDATE_PRODUCT = YES;
			};
			name = Release;
		};
		FFD2F9C61BD1101A00F54057 /* Debug */ = {
			isa = XCBuildConfiguration;
			buildSettings = {
				ASSETCATALOG_COMPILER_APPICON_NAME = AppIcon;
				INFOPLIST_FILE = Translate/Info.plist;
				LD_RUNPATH_SEARCH_PATHS = "$(inherited) @executable_path/Frameworks";
				PRODUCT_BUNDLE_IDENTIFIER = ie.wit.Translate;
				PRODUCT_NAME = "$(TARGET_NAME)";
			};
			name = Debug;
		};
		FFD2F9C71BD1101A00F54057 /* Release */ = {
			isa = XCBuildConfiguration;
			buildSettings = {
				ASSETCATALOG_COMPILER_APPICON_NAME = AppIcon;
				INFOPLIST_FILE = Translate/Info.plist;
				LD_RUNPATH_SEARCH_PATHS = "$(inherited) @executable_path/Frameworks";
				PRODUCT_BUNDLE_IDENTIFIER = ie.wit.Translate;
				PRODUCT_NAME = "$(TARGET_NAME)";
			};
			name = Release;
		};
/* End XCBuildConfiguration section */

/* Begin XCConfigurationList section */
		FFD2F9AE1BD1101A00F54057 /* Build configuration list for PBXProject "Translate" */ = {
			isa = XCConfigurationList;
			buildConfigurations = (
				FFD2F9C31BD1101A00F54057 /* Debug */,
				FFD2F9C41BD1101A00F54057 /* Release */,
			);
			defaultConfigurationIsVisible = 0;
			defaultConfigurationName = Release;
		};
		FFD2F9C51BD1101A00F54057 /* Build configuration list for PBXNativeTarget "Translate" */ = {
			isa = XCConfigurationList;
			buildConfigurations = (
				FFD2F9C61BD1101A00F54057 /* Debug */,
				FFD2F9C71BD1101A00F54057 /* Release */,
			);
			defaultConfigurationIsVisible = 0;
			defaultConfigurationName = Release;
		};
/* End XCConfigurationList section */
	};
	rootObject = FFD2F9AB1BD1101A00F54057 /* Project object */;
}
